
Microsoft Visual Studio Solution File, Format Version 12.00
# Visual Studio Version 17
VisualStudioVersion = 17.8.34511.84
MinimumVisualStudioVersion = 10.0.40219.1
Project("{9A19103F-16F7-4668-BE54-9A1E7A4F7556}") = "TheHobbyHub", "TheHobbyHub\TheHobbyHub.csproj", "{7B379F1F-3628-4181-BE1D-E62EA7B8EDFF}"
EndProject
Project("{9A19103F-16F7-4668-BE54-9A1E7A4F7556}") = "TheHobbyHub.BL.Models", "TheHobbyHub.BL.Models\TheHobbyHub.BL.Models.csproj", "{36700632-F2B1-46F1-B509-4DC85EEE736C}"
EndProject
Project("{9A19103F-16F7-4668-BE54-9A1E7A4F7556}") = "TheHobbyHub.BL", "TheHobbyHub.BL\TheHobbyHub.BL.csproj", "{57AE5E38-E83A-4794-BD34-67C3B2BF313F}"
EndProject
Project("{9A19103F-16F7-4668-BE54-9A1E7A4F7556}") = "TheHobbyHub.PL", "TheHobbyHub.PL\TheHobbyHub.PL.csproj", "{9F691371-5DF8-4C18-A5FF-2A9D037E15E7}"
EndProject
Project("{00D1A9C2-B5F0-4AF3-8072-F6C62B433612}") = "TheHobbyHub.DB", "TheHobbyHub.DB\TheHobbyHub.DB.sqlproj", "{695C1A4F-DF95-4A5C-85DF-EBF585C887D2}"
EndProject
Project("{2150E333-8FDC-42A3-9474-1A3956D46DE8}") = "SolutionItems", "SolutionItems", "{86DA3BCB-635D-4160-B499-3AFBFB8D6659}"
EndProject
Project("{2150E333-8FDC-42A3-9474-1A3956D46DE8}") = "Solution Items", "Solution Items", "{71F5FA63-E78A-4AE7-856D-F13039818912}"
	ProjectSection(SolutionItems) = preProject
		TextFile2.txt = TextFile2.txt
	EndProjectSection
EndProject
Project("{FAE04EC0-301F-11D3-BF4B-00C04F79EFBC}") = "TheHobbyHub.MigrationHandler", "ARC.TheHobbyHub\TheHobbyHub.MigrationHandler.csproj", "{BCF5F519-F868-4E57-9775-8FA1B3AE78F7}"
EndProject
Global
	GlobalSection(SolutionConfigurationPlatforms) = preSolution
		Debug|Any CPU = Debug|Any CPU
		Release|Any CPU = Release|Any CPU
	EndGlobalSection
	GlobalSection(ProjectConfigurationPlatforms) = postSolution
		{7B379F1F-3628-4181-BE1D-E62EA7B8EDFF}.Debug|Any CPU.ActiveCfg = Debug|Any CPU
		{7B379F1F-3628-4181-BE1D-E62EA7B8EDFF}.Debug|Any CPU.Build.0 = Debug|Any CPU
		{7B379F1F-3628-4181-BE1D-E62EA7B8EDFF}.Release|Any CPU.ActiveCfg = Release|Any CPU
		{7B379F1F-3628-4181-BE1D-E62EA7B8EDFF}.Release|Any CPU.Build.0 = Release|Any CPU
		{36700632-F2B1-46F1-B509-4DC85EEE736C}.Debug|Any CPU.ActiveCfg = Debug|Any CPU
		{36700632-F2B1-46F1-B509-4DC85EEE736C}.Debug|Any CPU.Build.0 = Debug|Any CPU
		{36700632-F2B1-46F1-B509-4DC85EEE736C}.Release|Any CPU.ActiveCfg = Release|Any CPU
		{36700632-F2B1-46F1-B509-4DC85EEE736C}.Release|Any CPU.Build.0 = Release|Any CPU
		{57AE5E38-E83A-4794-BD34-67C3B2BF313F}.Debug|Any CPU.ActiveCfg = Debug|Any CPU
		{57AE5E38-E83A-4794-BD34-67C3B2BF313F}.Debug|Any CPU.Build.0 = Debug|Any CPU
		{57AE5E38-E83A-4794-BD34-67C3B2BF313F}.Release|Any CPU.ActiveCfg = Release|Any CPU
		{57AE5E38-E83A-4794-BD34-67C3B2BF313F}.Release|Any CPU.Build.0 = Release|Any CPU
		{9F691371-5DF8-4C18-A5FF-2A9D037E15E7}.Debug|Any CPU.ActiveCfg = Debug|Any CPU
		{9F691371-5DF8-4C18-A5FF-2A9D037E15E7}.Debug|Any CPU.Build.0 = Debug|Any CPU
		{9F691371-5DF8-4C18-A5FF-2A9D037E15E7}.Release|Any CPU.ActiveCfg = Release|Any CPU
		{9F691371-5DF8-4C18-A5FF-2A9D037E15E7}.Release|Any CPU.Build.0 = Release|Any CPU
		{695C1A4F-DF95-4A5C-85DF-EBF585C887D2}.Debug|Any CPU.ActiveCfg = Debug|Any CPU
		{695C1A4F-DF95-4A5C-85DF-EBF585C887D2}.Debug|Any CPU.Build.0 = Debug|Any CPU
		{695C1A4F-DF95-4A5C-85DF-EBF585C887D2}.Debug|Any CPU.Deploy.0 = Debug|Any CPU
		{695C1A4F-DF95-4A5C-85DF-EBF585C887D2}.Release|Any CPU.ActiveCfg = Release|Any CPU
		{695C1A4F-DF95-4A5C-85DF-EBF585C887D2}.Release|Any CPU.Build.0 = Release|Any CPU
		{695C1A4F-DF95-4A5C-85DF-EBF585C887D2}.Release|Any CPU.Deploy.0 = Release|Any CPU
		{BCF5F519-F868-4E57-9775-8FA1B3AE78F7}.Debug|Any CPU.ActiveCfg = Debug|Any CPU
		{BCF5F519-F868-4E57-9775-8FA1B3AE78F7}.Debug|Any CPU.Build.0 = Debug|Any CPU
		{BCF5F519-F868-4E57-9775-8FA1B3AE78F7}.Release|Any CPU.ActiveCfg = Release|Any CPU
		{BCF5F519-F868-4E57-9775-8FA1B3AE78F7}.Release|Any CPU.Build.0 = Release|Any CPU
	EndGlobalSection
	GlobalSection(SolutionProperties) = preSolution
		HideSolutionNode = FALSE
	EndGlobalSection
	GlobalSection(ExtensibilityGlobals) = postSolution
		SolutionGuid = {8A1A583C-A5C5-459D-85D3-2A5AE52FE68E}
	EndGlobalSection
EndGlobal
